
Microsoft Visual Studio Solution File, Format Version 12.00
# Visual Studio Version 17
VisualStudioVersion = 17.11.35327.3
MinimumVisualStudioVersion = 10.0.40219.1
Project("{FAE04EC0-301F-11D3-BF4B-00C04F79EFBC}") = "Tarea5-DiaJuliano", "Tarea5-DiaJuliano\Tarea5-DiaJuliano.csproj", "{062F38D8-86BE-4218-BB83-6BB18EBF1965}"
EndProject
Global
	GlobalSection(SolutionConfigurationPlatforms) = preSolution
		Debug|Any CPU = Debug|Any CPU
		Release|Any CPU = Release|Any CPU
	EndGlobalSection
	GlobalSection(ProjectConfigurationPlatforms) = postSolution
		{062F38D8-86BE-4218-BB83-6BB18EBF1965}.Debug|Any CPU.ActiveCfg = Debug|Any CPU
		{062F38D8-86BE-4218-BB83-6BB18EBF1965}.Debug|Any CPU.Build.0 = Debug|Any CPU
		{062F38D8-86BE-4218-BB83-6BB18EBF1965}.Release|Any CPU.ActiveCfg = Release|Any CPU
		{062F38D8-86BE-4218-BB83-6BB18EBF1965}.Release|Any CPU.Build.0 = Release|Any CPU
	EndGlobalSection
	GlobalSection(SolutionProperties) = preSolution
		HideSolutionNode = FALSE
	EndGlobalSection
	GlobalSection(ExtensibilityGlobals) = postSolution
		SolutionGuid = {34B83C5D-BE94-41F2-854C-A14252571B28}
	EndGlobalSection
EndGlobal
