
Microsoft Visual Studio Solution File, Format Version 12.00
# Visual Studio Version 17
VisualStudioVersion = 17.11.35327.3
MinimumVisualStudioVersion = 10.0.40219.1
Project("{FAE04EC0-301F-11D3-BF4B-00C04F79EFBC}") = "Tarea3-Caracter", "Tarea3-Caracter\Tarea3-Caracter.csproj", "{3972EB1A-9038-48E9-A1B9-437CC49FF6E8}"
EndProject
Global
	GlobalSection(SolutionConfigurationPlatforms) = preSolution
		Debug|Any CPU = Debug|Any CPU
		Release|Any CPU = Release|Any CPU
	EndGlobalSection
	GlobalSection(ProjectConfigurationPlatforms) = postSolution
		{3972EB1A-9038-48E9-A1B9-437CC49FF6E8}.Debug|Any CPU.ActiveCfg = Debug|Any CPU
		{3972EB1A-9038-48E9-A1B9-437CC49FF6E8}.Debug|Any CPU.Build.0 = Debug|Any CPU
		{3972EB1A-9038-48E9-A1B9-437CC49FF6E8}.Release|Any CPU.ActiveCfg = Release|Any CPU
		{3972EB1A-9038-48E9-A1B9-437CC49FF6E8}.Release|Any CPU.Build.0 = Release|Any CPU
	EndGlobalSection
	GlobalSection(SolutionProperties) = preSolution
		HideSolutionNode = FALSE
	EndGlobalSection
	GlobalSection(ExtensibilityGlobals) = postSolution
		SolutionGuid = {ECA8A115-EAEE-4071-971F-4463BFFD8E94}
	EndGlobalSection
EndGlobal
